
Microsoft Visual Studio Solution File, Format Version 12.00
# Visual Studio Version 16
VisualStudioVersion = 16.0.31729.503
MinimumVisualStudioVersion = 10.0.40219.1
Project("{FAE04EC0-301F-11D3-BF4B-00C04F79EFBC}") = "Switch_case_uygulamasi", "Switch_case_uygulamasi\Switch_case_uygulamasi.csproj", "{EA8D1640-6F77-49A1-9C45-48C4F37AAA2D}"
EndProject
Global
	GlobalSection(SolutionConfigurationPlatforms) = preSolution
		Debug|Any CPU = Debug|Any CPU
		Release|Any CPU = Release|Any CPU
	EndGlobalSection
	GlobalSection(ProjectConfigurationPlatforms) = postSolution
		{EA8D1640-6F77-49A1-9C45-48C4F37AAA2D}.Debug|Any CPU.ActiveCfg = Debug|Any CPU
		{EA8D1640-6F77-49A1-9C45-48C4F37AAA2D}.Debug|Any CPU.Build.0 = Debug|Any CPU
		{EA8D1640-6F77-49A1-9C45-48C4F37AAA2D}.Release|Any CPU.ActiveCfg = Release|Any CPU
		{EA8D1640-6F77-49A1-9C45-48C4F37AAA2D}.Release|Any CPU.Build.0 = Release|Any CPU
	EndGlobalSection
	GlobalSection(SolutionProperties) = preSolution
		HideSolutionNode = FALSE
	EndGlobalSection
	GlobalSection(ExtensibilityGlobals) = postSolution
		SolutionGuid = {5A62C82F-FD6E-49A6-A3F1-DE1A9A895504}
	EndGlobalSection
EndGlobal
